
Microsoft Visual Studio Solution File, Format Version 12.00
# Visual Studio Version 17
VisualStudioVersion = 17.12.35527.113 d17.12
MinimumVisualStudioVersion = 10.0.40219.1
Project("{FAE04EC0-301F-11D3-BF4B-00C04F79EFBC}") = "122251", "122251\122251.csproj", "{EB1EE4CC-3774-45A7-BC0C-D5E9E3B28C23}"
EndProject
Global
	GlobalSection(SolutionConfigurationPlatforms) = preSolution
		Debug|Any CPU = Debug|Any CPU
		Release|Any CPU = Release|Any CPU
	EndGlobalSection
	GlobalSection(ProjectConfigurationPlatforms) = postSolution
		{EB1EE4CC-3774-45A7-BC0C-D5E9E3B28C23}.Debug|Any CPU.ActiveCfg = Debug|Any CPU
		{EB1EE4CC-3774-45A7-BC0C-D5E9E3B28C23}.Debug|Any CPU.Build.0 = Debug|Any CPU
		{EB1EE4CC-3774-45A7-BC0C-D5E9E3B28C23}.Release|Any CPU.ActiveCfg = Release|Any CPU
		{EB1EE4CC-3774-45A7-BC0C-D5E9E3B28C23}.Release|Any CPU.Build.0 = Release|Any CPU
	EndGlobalSection
	GlobalSection(SolutionProperties) = preSolution
		HideSolutionNode = FALSE
	EndGlobalSection
EndGlobal
